
Microsoft Visual Studio Solution File, Format Version 12.00
# Visual Studio Version 17
VisualStudioVersion = 17.14.36203.30
MinimumVisualStudioVersion = 10.0.40219.1
Project("{FAE04EC0-301F-11D3-BF4B-00C04F79EFBC}") = "Inheritance_CS", "Inheritance_CS\Inheritance_CS.csproj", "{20EB52E2-38A3-4C15-B315-B7A95B3B1101}"
EndProject
Project("{FAE04EC0-301F-11D3-BF4B-00C04F79EFBC}") = "Academy", "Academy\Academy.csproj", "{878027ED-01B9-4AE8-B199-92C52CF96B3F}"
EndProject
Project("{FAE04EC0-301F-11D3-BF4B-00C04F79EFBC}") = "AbstractBaseClass", "AbstractBaseClass\AbstractBaseClass.csproj", "{90A47354-D051-4C42-B7CE-CC9120AA68A9}"
EndProject
Project("{FAE04EC0-301F-11D3-BF4B-00C04F79EFBC}") = "AbstractGeometry", "AbstractGeometry\AbstractGeometry.csproj", "{C87F01AB-B5BA-4A65-AC3F-30BC06853A1F}"
EndProject
Global
	GlobalSection(SolutionConfigurationPlatforms) = preSolution
		Debug|Any CPU = Debug|Any CPU
		Release|Any CPU = Release|Any CPU
	EndGlobalSection
	GlobalSection(ProjectConfigurationPlatforms) = postSolution
		{20EB52E2-38A3-4C15-B315-B7A95B3B1101}.Debug|Any CPU.ActiveCfg = Debug|Any CPU
		{20EB52E2-38A3-4C15-B315-B7A95B3B1101}.Debug|Any CPU.Build.0 = Debug|Any CPU
		{20EB52E2-38A3-4C15-B315-B7A95B3B1101}.Release|Any CPU.ActiveCfg = Release|Any CPU
		{20EB52E2-38A3-4C15-B315-B7A95B3B1101}.Release|Any CPU.Build.0 = Release|Any CPU
		{878027ED-01B9-4AE8-B199-92C52CF96B3F}.Debug|Any CPU.ActiveCfg = Debug|Any CPU
		{878027ED-01B9-4AE8-B199-92C52CF96B3F}.Debug|Any CPU.Build.0 = Debug|Any CPU
		{878027ED-01B9-4AE8-B199-92C52CF96B3F}.Release|Any CPU.ActiveCfg = Release|Any CPU
		{878027ED-01B9-4AE8-B199-92C52CF96B3F}.Release|Any CPU.Build.0 = Release|Any CPU
		{90A47354-D051-4C42-B7CE-CC9120AA68A9}.Debug|Any CPU.ActiveCfg = Debug|Any CPU
		{90A47354-D051-4C42-B7CE-CC9120AA68A9}.Debug|Any CPU.Build.0 = Debug|Any CPU
		{90A47354-D051-4C42-B7CE-CC9120AA68A9}.Release|Any CPU.ActiveCfg = Release|Any CPU
		{90A47354-D051-4C42-B7CE-CC9120AA68A9}.Release|Any CPU.Build.0 = Release|Any CPU
		{C87F01AB-B5BA-4A65-AC3F-30BC06853A1F}.Debug|Any CPU.ActiveCfg = Debug|Any CPU
		{C87F01AB-B5BA-4A65-AC3F-30BC06853A1F}.Debug|Any CPU.Build.0 = Debug|Any CPU
		{C87F01AB-B5BA-4A65-AC3F-30BC06853A1F}.Release|Any CPU.ActiveCfg = Release|Any CPU
		{C87F01AB-B5BA-4A65-AC3F-30BC06853A1F}.Release|Any CPU.Build.0 = Release|Any CPU
	EndGlobalSection
	GlobalSection(SolutionProperties) = preSolution
		HideSolutionNode = FALSE
	EndGlobalSection
	GlobalSection(ExtensibilityGlobals) = postSolution
		SolutionGuid = {C41F0D49-17E1-447E-9F86-88CE0F473A77}
	EndGlobalSection
EndGlobal
